{
  "name": "@thurti/vad-audio-worklet",
  "version": "0.1.0",
  "lockfileVersion": 3,
  "requires": true,
  "packages": {
    "": {
      "name": "@thurti/vad-audio-worklet",
      "version": "0.1.0",
      "license": "MIT",
      "devDependencies": {
        "fft.js": "^4.0.4"
      }
    },
    "node_modules/fft.js": {
      "version": "4.0.4",
      "resolved": "https://registry.npmjs.org/fft.js/-/fft.js-4.0.4.tgz",
      "integrity": "sha512-f9c00hphOgeQTlDyavwTtu6RiK8AIFjD6+jvXkNkpeQ7rirK3uFWVpalkoS4LAwbdX7mfZ8aoBfFVQX1Re/8aw==",
      "dev": true
    }
  }
}
